
Microsoft Visual Studio Solution File, Format Version 12.00
# Visual Studio Version 16
VisualStudioVersion = 16.0.31205.134
MinimumVisualStudioVersion = 10.0.40219.1
Project("{FAE04EC0-301F-11D3-BF4B-00C04F79EFBC}") = "AspNet5RDLC.Web", "AspNet5RDLC.Web\AspNet5RDLC.Web.csproj", "{E66D04C0-F9DB-4B3C-8554-0892EA19E415}"
EndProject
Global
	GlobalSection(SolutionConfigurationPlatforms) = preSolution
		Debug|Any CPU = Debug|Any CPU
		Release|Any CPU = Release|Any CPU
	EndGlobalSection
	GlobalSection(ProjectConfigurationPlatforms) = postSolution
		{E66D04C0-F9DB-4B3C-8554-0892EA19E415}.Debug|Any CPU.ActiveCfg = Debug|Any CPU
		{E66D04C0-F9DB-4B3C-8554-0892EA19E415}.Debug|Any CPU.Build.0 = Debug|Any CPU
		{E66D04C0-F9DB-4B3C-8554-0892EA19E415}.Release|Any CPU.ActiveCfg = Release|Any CPU
		{E66D04C0-F9DB-4B3C-8554-0892EA19E415}.Release|Any CPU.Build.0 = Release|Any CPU
	EndGlobalSection
	GlobalSection(SolutionProperties) = preSolution
		HideSolutionNode = FALSE
	EndGlobalSection
	GlobalSection(ExtensibilityGlobals) = postSolution
		SolutionGuid = {F0A72E8F-FA01-4247-8CAB-0861702C5315}
	EndGlobalSection
EndGlobal
